
Microsoft Visual Studio Solution File, Format Version 10.00
# Visual Studio 2008
Project("{F184B08F-C81C-45F6-A57F-5ABD9991F28F}") = "WindowsApplication1", "WindowsApplication1\WindowsApplication1.vbproj", "{F5E91C9F-E671-4801-828B-7B4B9C27151C}"
EndProject
Global
	GlobalSection(SolutionConfigurationPlatforms) = preSolution
		Debug|Any CPU = Debug|Any CPU
		Release|Any CPU = Release|Any CPU
	EndGlobalSection
	GlobalSection(ProjectConfigurationPlatforms) = postSolution
		{F5E91C9F-E671-4801-828B-7B4B9C27151C}.Debug|Any CPU.ActiveCfg = Debug|Any CPU
		{F5E91C9F-E671-4801-828B-7B4B9C27151C}.Debug|Any CPU.Build.0 = Debug|Any CPU
		{F5E91C9F-E671-4801-828B-7B4B9C27151C}.Release|Any CPU.ActiveCfg = Release|Any CPU
		{F5E91C9F-E671-4801-828B-7B4B9C27151C}.Release|Any CPU.Build.0 = Release|Any CPU
	EndGlobalSection
	GlobalSection(SolutionProperties) = preSolution
		HideSolutionNode = FALSE
	EndGlobalSection
EndGlobal
